
Microsoft Visual Studio Solution File, Format Version 12.00
# Visual Studio Version 17
VisualStudioVersion = 17.10.35027.167
MinimumVisualStudioVersion = 10.0.40219.1
Project("{9A19103F-16F7-4668-BE54-9A1E7A4F7556}") = "ECommerce.ProductService", "ECommerce.ProductService.csproj", "{23EB0018-B05C-4621-BAF0-072768C64DF4}"
EndProject
Project("{9A19103F-16F7-4668-BE54-9A1E7A4F7556}") = "ECommerce.ProductService.BusinessLogic", "..\ECommerce.ProductService.BusinessLogic\ECommerce.ProductService.BusinessLogic.csproj", "{1FE22A1C-D5EF-485A-8603-482BD6919634}"
EndProject
Project("{9A19103F-16F7-4668-BE54-9A1E7A4F7556}") = "ECommerce.ProductService.DataAccess", "..\ECommerce.ProductService.DataAccess\ECommerce.ProductService.DataAccess.csproj", "{5E235B99-254B-4A21-AE1C-DFF16D403B09}"
EndProject
Project("{9A19103F-16F7-4668-BE54-9A1E7A4F7556}") = "ECommerce.ProductService.Models", "..\ECommerce.ProductService.Model\ECommerce.ProductService.Models.csproj", "{033EEBC7-7118-4D10-8BC7-7484C2106790}"
EndProject
Project("{9A19103F-16F7-4668-BE54-9A1E7A4F7556}") = "ECommerce.ProductService.Utility", "..\ECommerce.ProductService.Utility\ECommerce.ProductService.Utility.csproj", "{CE81CF9C-3FFE-4555-9127-9EEE821F4A3E}"
EndProject
Global
	GlobalSection(SolutionConfigurationPlatforms) = preSolution
		Debug|Any CPU = Debug|Any CPU
		Release|Any CPU = Release|Any CPU
	EndGlobalSection
	GlobalSection(ProjectConfigurationPlatforms) = postSolution
		{23EB0018-B05C-4621-BAF0-072768C64DF4}.Debug|Any CPU.ActiveCfg = Debug|Any CPU
		{23EB0018-B05C-4621-BAF0-072768C64DF4}.Debug|Any CPU.Build.0 = Debug|Any CPU
		{23EB0018-B05C-4621-BAF0-072768C64DF4}.Release|Any CPU.ActiveCfg = Release|Any CPU
		{23EB0018-B05C-4621-BAF0-072768C64DF4}.Release|Any CPU.Build.0 = Release|Any CPU
		{1FE22A1C-D5EF-485A-8603-482BD6919634}.Debug|Any CPU.ActiveCfg = Debug|Any CPU
		{1FE22A1C-D5EF-485A-8603-482BD6919634}.Debug|Any CPU.Build.0 = Debug|Any CPU
		{1FE22A1C-D5EF-485A-8603-482BD6919634}.Release|Any CPU.ActiveCfg = Release|Any CPU
		{1FE22A1C-D5EF-485A-8603-482BD6919634}.Release|Any CPU.Build.0 = Release|Any CPU
		{5E235B99-254B-4A21-AE1C-DFF16D403B09}.Debug|Any CPU.ActiveCfg = Debug|Any CPU
		{5E235B99-254B-4A21-AE1C-DFF16D403B09}.Debug|Any CPU.Build.0 = Debug|Any CPU
		{5E235B99-254B-4A21-AE1C-DFF16D403B09}.Release|Any CPU.ActiveCfg = Release|Any CPU
		{5E235B99-254B-4A21-AE1C-DFF16D403B09}.Release|Any CPU.Build.0 = Release|Any CPU
		{033EEBC7-7118-4D10-8BC7-7484C2106790}.Debug|Any CPU.ActiveCfg = Debug|Any CPU
		{033EEBC7-7118-4D10-8BC7-7484C2106790}.Debug|Any CPU.Build.0 = Debug|Any CPU
		{033EEBC7-7118-4D10-8BC7-7484C2106790}.Release|Any CPU.ActiveCfg = Release|Any CPU
		{033EEBC7-7118-4D10-8BC7-7484C2106790}.Release|Any CPU.Build.0 = Release|Any CPU
		{CE81CF9C-3FFE-4555-9127-9EEE821F4A3E}.Debug|Any CPU.ActiveCfg = Debug|Any CPU
		{CE81CF9C-3FFE-4555-9127-9EEE821F4A3E}.Debug|Any CPU.Build.0 = Debug|Any CPU
		{CE81CF9C-3FFE-4555-9127-9EEE821F4A3E}.Release|Any CPU.ActiveCfg = Release|Any CPU
		{CE81CF9C-3FFE-4555-9127-9EEE821F4A3E}.Release|Any CPU.Build.0 = Release|Any CPU
	EndGlobalSection
	GlobalSection(SolutionProperties) = preSolution
		HideSolutionNode = FALSE
	EndGlobalSection
	GlobalSection(ExtensibilityGlobals) = postSolution
		SolutionGuid = {09706196-D55D-4EF3-94BA-22C829AEE1DA}
	EndGlobalSection
EndGlobal
